// !$*UTF8*$!
{
	archiveVersion = 1;
	classes = {
	};
	objectVersion = 46;
	objects = {

/* Begin PBXBuildFile section */
		A211FED11BF02A83004A0A29 /* ViewChaos.swift in Sources */ = {isa = PBXBuildFile; fileRef = A211FECF1BF02A83004A0A29 /* ViewChaos.swift */; };
		A211FED21BF02A83004A0A29 /* ViewChaosInfo.swift in Sources */ = {isa = PBXBuildFile; fileRef = A211FED01BF02A83004A0A29 /* ViewChaosInfo.swift */; };
		A211FED41BF03D0C004A0A29 /* ViewNeat.swift in Sources */ = {isa = PBXBuildFile; fileRef = A211FED31BF03D0C004A0A29 /* ViewNeat.swift */; };
		A21EF8C31C09858200A09063 /* 0.png in Resources */ = {isa = PBXBuildFile; fileRef = A21EF8BB1C09858200A09063 /* 0.png */; };
		A21EF8CC1C09897700A09063 /* 00.png in Resources */ = {isa = PBXBuildFile; fileRef = A21EF8CB1C09897700A09063 /* 00.png */; };
		A2E6F01A1BEAFF7D0042FC43 /* AppDelegate.swift in Sources */ = {isa = PBXBuildFile; fileRef = A2E6F0191BEAFF7D0042FC43 /* AppDelegate.swift */; };
		A2E6F01C1BEAFF7D0042FC43 /* ViewController.swift in Sources */ = {isa = PBXBuildFile; fileRef = A2E6F01B1BEAFF7D0042FC43 /* ViewController.swift */; };
		A2E6F0211BEAFF7D0042FC43 /* Assets.xcassets in Resources */ = {isa = PBXBuildFile; fileRef = A2E6F0201BEAFF7D0042FC43 /* Assets.xcassets */; };
		A2E6F0241BEAFF7D0042FC43 /* LaunchScreen.storyboard in Resources */ = {isa = PBXBuildFile; fileRef = A2E6F0221BEAFF7D0042FC43 /* LaunchScreen.storyboard */; };
		A2E6F0391BEB08680042FC43 /* NextViewController.swift in Sources */ = {isa = PBXBuildFile; fileRef = A2E6F0381BEB08680042FC43 /* NextViewController.swift */; };
		A2E6F03B1BEB08770042FC43 /* Main.storyboard in Resources */ = {isa = PBXBuildFile; fileRef = A2E6F03A1BEB08770042FC43 /* Main.storyboard */; };
		AE08A9C91C9A72F7005767E1 /* ZoomView.swift in Sources */ = {isa = PBXBuildFile; fileRef = AE08A9C81C9A72F7005767E1 /* ZoomView.swift */; };
		AE85E05E1CE5B02900B242A1 /* chaos_alpha.gif in Resources */ = {isa = PBXBuildFile; fileRef = AE85E04D1CE5B02900B242A1 /* chaos_alpha.gif */; };
		AE85E05F1CE5B02900B242A1 /* chaos_ball_move.gif in Resources */ = {isa = PBXBuildFile; fileRef = AE85E04E1CE5B02900B242A1 /* chaos_ball_move.gif */; };
		AE85E0601CE5B02900B242A1 /* chaos_border_1.gif in Resources */ = {isa = PBXBuildFile; fileRef = AE85E04F1CE5B02900B242A1 /* chaos_border_1.gif */; };
		AE85E0611CE5B02900B242A1 /* chaos_border_2.gif in Resources */ = {isa = PBXBuildFile; fileRef = AE85E0501CE5B02900B242A1 /* chaos_border_2.gif */; };
		AE85E0621CE5B02900B242A1 /* chaos_constrain.gif in Resources */ = {isa = PBXBuildFile; fileRef = AE85E0511CE5B02900B242A1 /* chaos_constrain.gif */; };
		AE85E0631CE5B02900B242A1 /* chaos_control_border.gif in Resources */ = {isa = PBXBuildFile; fileRef = AE85E0521CE5B02900B242A1 /* chaos_control_border.gif */; };
		AE85E0641CE5B02900B242A1 /* chaos_control_border2.gif in Resources */ = {isa = PBXBuildFile; fileRef = AE85E0531CE5B02900B242A1 /* chaos_control_border2.gif */; };
		AE85E0651CE5B02900B242A1 /* chaos_control_color1.gif in Resources */ = {isa = PBXBuildFile; fileRef = AE85E0541CE5B02900B242A1 /* chaos_control_color1.gif */; };
		AE85E0661CE5B02900B242A1 /* chaos_control_color2.gif in Resources */ = {isa = PBXBuildFile; fileRef = AE85E0551CE5B02900B242A1 /* chaos_control_color2.gif */; };
		AE85E0671CE5B02900B242A1 /* chaos_control_font.gif in Resources */ = {isa = PBXBuildFile; fileRef = AE85E0561CE5B02900B242A1 /* chaos_control_font.gif */; };
		AE85E0681CE5B02900B242A1 /* chaos_control_move.gif in Resources */ = {isa = PBXBuildFile; fileRef = AE85E0571CE5B02900B242A1 /* chaos_control_move.gif */; };
		AE85E0691CE5B02900B242A1 /* chaos_control_move2.gif in Resources */ = {isa = PBXBuildFile; fileRef = AE85E0581CE5B02900B242A1 /* chaos_control_move2.gif */; };
		AE85E06A1CE5B02900B242A1 /* chaos_control_size.gif in Resources */ = {isa = PBXBuildFile; fileRef = AE85E0591CE5B02900B242A1 /* chaos_control_size.gif */; };
		AE85E06B1CE5B02900B242A1 /* chaos_control_size1.gif in Resources */ = {isa = PBXBuildFile; fileRef = AE85E05A1CE5B02900B242A1 /* chaos_control_size1.gif */; };
		AE85E06C1CE5B02900B242A1 /* chaos_trace_view.gif in Resources */ = {isa = PBXBuildFile; fileRef = AE85E05B1CE5B02900B242A1 /* chaos_trace_view.gif */; };
		AE85E06D1CE5B02900B242A1 /* chaos_view_level1.gif in Resources */ = {isa = PBXBuildFile; fileRef = AE85E05C1CE5B02900B242A1 /* chaos_view_level1.gif */; };
		AE85E06E1CE5B02900B242A1 /* chaos_view_level2.gif in Resources */ = {isa = PBXBuildFile; fileRef = AE85E05D1CE5B02900B242A1 /* chaos_view_level2.gif */; };
		AE85E0701CE5B8F400B242A1 /* chaos_transpancy.gif in Resources */ = {isa = PBXBuildFile; fileRef = AE85E06F1CE5B8F400B242A1 /* chaos_transpancy.gif */; };
		AE85E0731CE5B8FC00B242A1 /* chaos_border.gif in Resources */ = {isa = PBXBuildFile; fileRef = AE85E0711CE5B8FC00B242A1 /* chaos_border.gif */; };
		AE85E0741CE5B8FC00B242A1 /* chaos_capture.gif in Resources */ = {isa = PBXBuildFile; fileRef = AE85E0721CE5B8FC00B242A1 /* chaos_capture.gif */; };
		AE85E0761CE5B90500B242A1 /* chaos_zoom.gif in Resources */ = {isa = PBXBuildFile; fileRef = AE85E0751CE5B90500B242A1 /* chaos_zoom.gif */; };
		AE85E0781CE5BB1500B242A1 /* shake_pop_menu.gif in Resources */ = {isa = PBXBuildFile; fileRef = AE85E0771CE5BB1500B242A1 /* shake_pop_menu.gif */; };
		AE9509DA1CA6867500931F14 /* DrawView.swift in Sources */ = {isa = PBXBuildFile; fileRef = AE9509D91CA6867500931F14 /* DrawView.swift */; };
		AEC534EE1F29AB4800649DF0 /* shake.gif in Resources */ = {isa = PBXBuildFile; fileRef = AEC534ED1F29AB4800649DF0 /* shake.gif */; };
		AEC534F01F29AB4C00649DF0 /* mark.gif in Resources */ = {isa = PBXBuildFile; fileRef = AEC534EF1F29AB4C00649DF0 /* mark.gif */; };
		AEF4BDC61F0C71E900D22223 /* MarkInfo.swift in Sources */ = {isa = PBXBuildFile; fileRef = AEF4BDC51F0C71E900D22223 /* MarkInfo.swift */; };
		AEF4BDC81F0C780800D22223 /* MarkView.swift in Sources */ = {isa = PBXBuildFile; fileRef = AEF4BDC71F0C780800D22223 /* MarkView.swift */; };
/* End PBXBuildFile section */

/* Begin PBXFileReference section */
		A211FECF1BF02A83004A0A29 /* ViewChaos.swift */ = {isa = PBXFileReference; fileEncoding = 4; lastKnownFileType = sourcecode.swift; path = ViewChaos.swift; sourceTree = "<group>"; };
		A211FED01BF02A83004A0A29 /* ViewChaosInfo.swift */ = {isa = PBXFileReference; fileEncoding = 4; lastKnownFileType = sourcecode.swift; path = ViewChaosInfo.swift; sourceTree = "<group>"; };
		A211FED31BF03D0C004A0A29 /* ViewNeat.swift */ = {isa = PBXFileReference; fileEncoding = 4; lastKnownFileType = sourcecode.swift; path = ViewNeat.swift; sourceTree = "<group>"; };
		A21EF8BB1C09858200A09063 /* 0.png */ = {isa = PBXFileReference; lastKnownFileType = image.png; path = 0.png; sourceTree = "<group>"; };
		A21EF8CB1C09897700A09063 /* 00.png */ = {isa = PBXFileReference; lastKnownFileType = image.png; path = 00.png; sourceTree = "<group>"; };
		A2E6F0161BEAFF7D0042FC43 /* ViewChaosDemo.app */ = {isa = PBXFileReference; explicitFileType = wrapper.application; includeInIndex = 0; path = ViewChaosDemo.app; sourceTree = BUILT_PRODUCTS_DIR; };
		A2E6F0191BEAFF7D0042FC43 /* AppDelegate.swift */ = {isa = PBXFileReference; lastKnownFileType = sourcecode.swift; path = AppDelegate.swift; sourceTree = "<group>"; };
		A2E6F01B1BEAFF7D0042FC43 /* ViewController.swift */ = {isa = PBXFileReference; lastKnownFileType = sourcecode.swift; path = ViewController.swift; sourceTree = "<group>"; };
		A2E6F0201BEAFF7D0042FC43 /* Assets.xcassets */ = {isa = PBXFileReference; lastKnownFileType = folder.assetcatalog; path = Assets.xcassets; sourceTree = "<group>"; };
		A2E6F0231BEAFF7D0042FC43 /* Base */ = {isa = PBXFileReference; lastKnownFileType = file.storyboard; name = Base; path = Base.lproj/LaunchScreen.storyboard; sourceTree = "<group>"; };
		A2E6F0251BEAFF7D0042FC43 /* Info.plist */ = {isa = PBXFileReference; lastKnownFileType = text.plist.xml; path = Info.plist; sourceTree = "<group>"; };
		A2E6F0381BEB08680042FC43 /* NextViewController.swift */ = {isa = PBXFileReference; fileEncoding = 4; lastKnownFileType = sourcecode.swift; path = NextViewController.swift; sourceTree = "<group>"; };
		A2E6F03A1BEB08770042FC43 /* Main.storyboard */ = {isa = PBXFileReference; fileEncoding = 4; lastKnownFileType = file.storyboard; path = Main.storyboard; sourceTree = "<group>"; };
		AE08A9C81C9A72F7005767E1 /* ZoomView.swift */ = {isa = PBXFileReference; fileEncoding = 4; lastKnownFileType = sourcecode.swift; path = ZoomView.swift; sourceTree = "<group>"; };
		AE85E04D1CE5B02900B242A1 /* chaos_alpha.gif */ = {isa = PBXFileReference; lastKnownFileType = image.gif; path = chaos_alpha.gif; sourceTree = "<group>"; };
		AE85E04E1CE5B02900B242A1 /* chaos_ball_move.gif */ = {isa = PBXFileReference; lastKnownFileType = image.gif; path = chaos_ball_move.gif; sourceTree = "<group>"; };
		AE85E04F1CE5B02900B242A1 /* chaos_border_1.gif */ = {isa = PBXFileReference; lastKnownFileType = image.gif; path = chaos_border_1.gif; sourceTree = "<group>"; };
		AE85E0501CE5B02900B242A1 /* chaos_border_2.gif */ = {isa = PBXFileReference; lastKnownFileType = image.gif; path = chaos_border_2.gif; sourceTree = "<group>"; };
		AE85E0511CE5B02900B242A1 /* chaos_constrain.gif */ = {isa = PBXFileReference; lastKnownFileType = image.gif; path = chaos_constrain.gif; sourceTree = "<group>"; };
		AE85E0521CE5B02900B242A1 /* chaos_control_border.gif */ = {isa = PBXFileReference; lastKnownFileType = image.gif; path = chaos_control_border.gif; sourceTree = "<group>"; };
		AE85E0531CE5B02900B242A1 /* chaos_control_border2.gif */ = {isa = PBXFileReference; lastKnownFileType = image.gif; path = chaos_control_border2.gif; sourceTree = "<group>"; };
		AE85E0541CE5B02900B242A1 /* chaos_control_color1.gif */ = {isa = PBXFileReference; lastKnownFileType = image.gif; path = chaos_control_color1.gif; sourceTree = "<group>"; };
		AE85E0551CE5B02900B242A1 /* chaos_control_color2.gif */ = {isa = PBXFileReference; lastKnownFileType = image.gif; path = chaos_control_color2.gif; sourceTree = "<group>"; };
		AE85E0561CE5B02900B242A1 /* chaos_control_font.gif */ = {isa = PBXFileReference; lastKnownFileType = image.gif; path = chaos_control_font.gif; sourceTree = "<group>"; };
		AE85E0571CE5B02900B242A1 /* chaos_control_move.gif */ = {isa = PBXFileReference; lastKnownFileType = image.gif; path = chaos_control_move.gif; sourceTree = "<group>"; };
		AE85E0581CE5B02900B242A1 /* chaos_control_move2.gif */ = {isa = PBXFileReference; lastKnownFileType = image.gif; path = chaos_control_move2.gif; sourceTree = "<group>"; };
		AE85E0591CE5B02900B242A1 /* chaos_control_size.gif */ = {isa = PBXFileReference; lastKnownFileType = image.gif; path = chaos_control_size.gif; sourceTree = "<group>"; };
		AE85E05A1CE5B02900B242A1 /* chaos_control_size1.gif */ = {isa = PBXFileReference; lastKnownFileType = image.gif; path = chaos_control_size1.gif; sourceTree = "<group>"; };
		AE85E05B1CE5B02900B242A1 /* chaos_trace_view.gif */ = {isa = PBXFileReference; lastKnownFileType = image.gif; path = chaos_trace_view.gif; sourceTree = "<group>"; };
		AE85E05C1CE5B02900B242A1 /* chaos_view_level1.gif */ = {isa = PBXFileReference; lastKnownFileType = image.gif; path = chaos_view_level1.gif; sourceTree = "<group>"; };
		AE85E05D1CE5B02900B242A1 /* chaos_view_level2.gif */ = {isa = PBXFileReference; lastKnownFileType = image.gif; path = chaos_view_level2.gif; sourceTree = "<group>"; };
		AE85E06F1CE5B8F400B242A1 /* chaos_transpancy.gif */ = {isa = PBXFileReference; lastKnownFileType = image.gif; path = chaos_transpancy.gif; sourceTree = "<group>"; };
		AE85E0711CE5B8FC00B242A1 /* chaos_border.gif */ = {isa = PBXFileReference; lastKnownFileType = image.gif; path = chaos_border.gif; sourceTree = "<group>"; };
		AE85E0721CE5B8FC00B242A1 /* chaos_capture.gif */ = {isa = PBXFileReference; lastKnownFileType = image.gif; path = chaos_capture.gif; sourceTree = "<group>"; };
		AE85E0751CE5B90500B242A1 /* chaos_zoom.gif */ = {isa = PBXFileReference; lastKnownFileType = image.gif; path = chaos_zoom.gif; sourceTree = "<group>"; };
		AE85E0771CE5BB1500B242A1 /* shake_pop_menu.gif */ = {isa = PBXFileReference; lastKnownFileType = image.gif; path = shake_pop_menu.gif; sourceTree = "<group>"; };
		AE9509D91CA6867500931F14 /* DrawView.swift */ = {isa = PBXFileReference; fileEncoding = 4; lastKnownFileType = sourcecode.swift; path = DrawView.swift; sourceTree = "<group>"; };
		AEC534ED1F29AB4800649DF0 /* shake.gif */ = {isa = PBXFileReference; lastKnownFileType = image.gif; path = shake.gif; sourceTree = "<group>"; };
		AEC534EF1F29AB4C00649DF0 /* mark.gif */ = {isa = PBXFileReference; lastKnownFileType = image.gif; path = mark.gif; sourceTree = "<group>"; };
		AEF4BDC51F0C71E900D22223 /* MarkInfo.swift */ = {isa = PBXFileReference; fileEncoding = 4; lastKnownFileType = sourcecode.swift; path = MarkInfo.swift; sourceTree = "<group>"; };
		AEF4BDC71F0C780800D22223 /* MarkView.swift */ = {isa = PBXFileReference; fileEncoding = 4; lastKnownFileType = sourcecode.swift; path = MarkView.swift; sourceTree = "<group>"; };
/* End PBXFileReference section */

/* Begin PBXFrameworksBuildPhase section */
		A2E6F0131BEAFF7D0042FC43 /* Frameworks */ = {
			isa = PBXFrameworksBuildPhase;
			buildActionMask = 2147483647;
			files = (
			);
			runOnlyForDeploymentPostprocessing = 0;
		};
/* End PBXFrameworksBuildPhase section */

/* Begin PBXGroup section */
		A21EF8BA1C09855C00A09063 /* Resource */ = {
			isa = PBXGroup;
			children = (
				AEC534EF1F29AB4C00649DF0 /* mark.gif */,
				AEC534ED1F29AB4800649DF0 /* shake.gif */,
				AE85E0771CE5BB1500B242A1 /* shake_pop_menu.gif */,
				AE85E0751CE5B90500B242A1 /* chaos_zoom.gif */,
				AE85E0711CE5B8FC00B242A1 /* chaos_border.gif */,
				AE85E0721CE5B8FC00B242A1 /* chaos_capture.gif */,
				AE85E06F1CE5B8F400B242A1 /* chaos_transpancy.gif */,
				AE85E04D1CE5B02900B242A1 /* chaos_alpha.gif */,
				AE85E04E1CE5B02900B242A1 /* chaos_ball_move.gif */,
				AE85E04F1CE5B02900B242A1 /* chaos_border_1.gif */,
				AE85E0501CE5B02900B242A1 /* chaos_border_2.gif */,
				AE85E0511CE5B02900B242A1 /* chaos_constrain.gif */,
				AE85E0521CE5B02900B242A1 /* chaos_control_border.gif */,
				AE85E0531CE5B02900B242A1 /* chaos_control_border2.gif */,
				AE85E0541CE5B02900B242A1 /* chaos_control_color1.gif */,
				AE85E0551CE5B02900B242A1 /* chaos_control_color2.gif */,
				AE85E0561CE5B02900B242A1 /* chaos_control_font.gif */,
				AE85E0571CE5B02900B242A1 /* chaos_control_move.gif */,
				AE85E0581CE5B02900B242A1 /* chaos_control_move2.gif */,
				AE85E0591CE5B02900B242A1 /* chaos_control_size.gif */,
				AE85E05A1CE5B02900B242A1 /* chaos_control_size1.gif */,
				AE85E05B1CE5B02900B242A1 /* chaos_trace_view.gif */,
				AE85E05C1CE5B02900B242A1 /* chaos_view_level1.gif */,
				AE85E05D1CE5B02900B242A1 /* chaos_view_level2.gif */,
				A21EF8CB1C09897700A09063 /* 00.png */,
				A21EF8BB1C09858200A09063 /* 0.png */,
			);
			path = Resource;
			sourceTree = "<group>";
		};
		A2E6F00D1BEAFF7D0042FC43 = {
			isa = PBXGroup;
			children = (
				A21EF8BA1C09855C00A09063 /* Resource */,
				A2E6F02B1BEAFF890042FC43 /* ViewChaos */,
				A2E6F0181BEAFF7D0042FC43 /* ViewChaosDemo */,
				A2E6F0171BEAFF7D0042FC43 /* Products */,
			);
			sourceTree = "<group>";
		};
		A2E6F0171BEAFF7D0042FC43 /* Products */ = {
			isa = PBXGroup;
			children = (
				A2E6F0161BEAFF7D0042FC43 /* ViewChaosDemo.app */,
			);
			name = Products;
			sourceTree = "<group>";
		};
		A2E6F0181BEAFF7D0042FC43 /* ViewChaosDemo */ = {
			isa = PBXGroup;
			children = (
				A2E6F0191BEAFF7D0042FC43 /* AppDelegate.swift */,
				A2E6F01B1BEAFF7D0042FC43 /* ViewController.swift */,
				A2E6F0201BEAFF7D0042FC43 /* Assets.xcassets */,
				A2E6F0221BEAFF7D0042FC43 /* LaunchScreen.storyboard */,
				A2E6F0251BEAFF7D0042FC43 /* Info.plist */,
				A2E6F0381BEB08680042FC43 /* NextViewController.swift */,
				A2E6F03A1BEB08770042FC43 /* Main.storyboard */,
			);
			path = ViewChaosDemo;
			sourceTree = "<group>";
		};
		A2E6F02B1BEAFF890042FC43 /* ViewChaos */ = {
			isa = PBXGroup;
			children = (
				AE08A9C81C9A72F7005767E1 /* ZoomView.swift */,
				A211FECF1BF02A83004A0A29 /* ViewChaos.swift */,
				A211FED01BF02A83004A0A29 /* ViewChaosInfo.swift */,
				A211FED31BF03D0C004A0A29 /* ViewNeat.swift */,
				AE9509D91CA6867500931F14 /* DrawView.swift */,
				AEF4BDC51F0C71E900D22223 /* MarkInfo.swift */,
				AEF4BDC71F0C780800D22223 /* MarkView.swift */,
			);
			name = ViewChaos;
			path = ../ViewChaos;
			sourceTree = "<group>";
		};
/* End PBXGroup section */

/* Begin PBXNativeTarget section */
		A2E6F0151BEAFF7D0042FC43 /* ViewChaosDemo */ = {
			isa = PBXNativeTarget;
			buildConfigurationList = A2E6F0281BEAFF7D0042FC43 /* Build configuration list for PBXNativeTarget "ViewChaosDemo" */;
			buildPhases = (
				A2E6F0121BEAFF7D0042FC43 /* Sources */,
				A2E6F0131BEAFF7D0042FC43 /* Frameworks */,
				A2E6F0141BEAFF7D0042FC43 /* Resources */,
			);
			buildRules = (
			);
			dependencies = (
			);
			name = ViewChaosDemo;
			productName = ViewChaosDemo;
			productReference = A2E6F0161BEAFF7D0042FC43 /* ViewChaosDemo.app */;
			productType = "com.apple.product-type.application";
		};
/* End PBXNativeTarget section */

/* Begin PBXProject section */
		A2E6F00E1BEAFF7D0042FC43 /* Project object */ = {
			isa = PBXProject;
			attributes = {
				LastSwiftUpdateCheck = 0710;
				LastUpgradeCheck = 0900;
				ORGANIZATIONNAME = Qfq;
				TargetAttributes = {
					A2E6F0151BEAFF7D0042FC43 = {
						CreatedOnToolsVersion = 7.1;
						DevelopmentTeam = 3YCGH6CCXA;
						LastSwiftMigration = 0800;
						ProvisioningStyle = Automatic;
					};
				};
			};
			buildConfigurationList = A2E6F0111BEAFF7D0042FC43 /* Build configuration list for PBXProject "ViewChaosDemo" */;
			compatibilityVersion = "Xcode 3.2";
			developmentRegion = English;
			hasScannedForEncodings = 0;
			knownRegions = (
				en,
				Base,
			);
			mainGroup = A2E6F00D1BEAFF7D0042FC43;
			productRefGroup = A2E6F0171BEAFF7D0042FC43 /* Products */;
			projectDirPath = "";
			projectRoot = "";
			targets = (
				A2E6F0151BEAFF7D0042FC43 /* ViewChaosDemo */,
			);
		};
/* End PBXProject section */

/* Begin PBXResourcesBuildPhase section */
		A2E6F0141BEAFF7D0042FC43 /* Resources */ = {
			isa = PBXResourcesBuildPhase;
			buildActionMask = 2147483647;
			files = (
				AE85E0661CE5B02900B242A1 /* chaos_control_color2.gif in Resources */,
				A21EF8CC1C09897700A09063 /* 00.png in Resources */,
				AE85E06D1CE5B02900B242A1 /* chaos_view_level1.gif in Resources */,
				AE85E0621CE5B02900B242A1 /* chaos_constrain.gif in Resources */,
				AE85E0641CE5B02900B242A1 /* chaos_control_border2.gif in Resources */,
				AEC534EE1F29AB4800649DF0 /* shake.gif in Resources */,
				AE85E0601CE5B02900B242A1 /* chaos_border_1.gif in Resources */,
				AE85E06B1CE5B02900B242A1 /* chaos_control_size1.gif in Resources */,
				AE85E06C1CE5B02900B242A1 /* chaos_trace_view.gif in Resources */,
				AE85E0691CE5B02900B242A1 /* chaos_control_move2.gif in Resources */,
				AE85E0701CE5B8F400B242A1 /* chaos_transpancy.gif in Resources */,
				A21EF8C31C09858200A09063 /* 0.png in Resources */,
				AE85E0781CE5BB1500B242A1 /* shake_pop_menu.gif in Resources */,
				AE85E06E1CE5B02900B242A1 /* chaos_view_level2.gif in Resources */,
				AE85E05F1CE5B02900B242A1 /* chaos_ball_move.gif in Resources */,
				AE85E0741CE5B8FC00B242A1 /* chaos_capture.gif in Resources */,
				AEC534F01F29AB4C00649DF0 /* mark.gif in Resources */,
				AE85E0761CE5B90500B242A1 /* chaos_zoom.gif in Resources */,
				AE85E05E1CE5B02900B242A1 /* chaos_alpha.gif in Resources */,
				AE85E0651CE5B02900B242A1 /* chaos_control_color1.gif in Resources */,
				AE85E06A1CE5B02900B242A1 /* chaos_control_size.gif in Resources */,
				AE85E0611CE5B02900B242A1 /* chaos_border_2.gif in Resources */,
				AE85E0631CE5B02900B242A1 /* chaos_control_border.gif in Resources */,
				A2E6F03B1BEB08770042FC43 /* Main.storyboard in Resources */,
				A2E6F0241BEAFF7D0042FC43 /* LaunchScreen.storyboard in Resources */,
				AE85E0671CE5B02900B242A1 /* chaos_control_font.gif in Resources */,
				AE85E0681CE5B02900B242A1 /* chaos_control_move.gif in Resources */,
				A2E6F0211BEAFF7D0042FC43 /* Assets.xcassets in Resources */,
				AE85E0731CE5B8FC00B242A1 /* chaos_border.gif in Resources */,
			);
			runOnlyForDeploymentPostprocessing = 0;
		};
/* End PBXResourcesBuildPhase section */

/* Begin PBXSourcesBuildPhase section */
		A2E6F0121BEAFF7D0042FC43 /* Sources */ = {
			isa = PBXSourcesBuildPhase;
			buildActionMask = 2147483647;
			files = (
				A2E6F0391BEB08680042FC43 /* NextViewController.swift in Sources */,
				A211FED11BF02A83004A0A29 /* ViewChaos.swift in Sources */,
				AE9509DA1CA6867500931F14 /* DrawView.swift in Sources */,
				A2E6F01C1BEAFF7D0042FC43 /* ViewController.swift in Sources */,
				A2E6F01A1BEAFF7D0042FC43 /* AppDelegate.swift in Sources */,
				A211FED41BF03D0C004A0A29 /* ViewNeat.swift in Sources */,
				A211FED21BF02A83004A0A29 /* ViewChaosInfo.swift in Sources */,
				AEF4BDC81F0C780800D22223 /* MarkView.swift in Sources */,
				AE08A9C91C9A72F7005767E1 /* ZoomView.swift in Sources */,
				AEF4BDC61F0C71E900D22223 /* MarkInfo.swift in Sources */,
			);
			runOnlyForDeploymentPostprocessing = 0;
		};
/* End PBXSourcesBuildPhase section */

/* Begin PBXVariantGroup section */
		A2E6F0221BEAFF7D0042FC43 /* LaunchScreen.storyboard */ = {
			isa = PBXVariantGroup;
			children = (
				A2E6F0231BEAFF7D0042FC43 /* Base */,
			);
			name = LaunchScreen.storyboard;
			sourceTree = "<group>";
		};
/* End PBXVariantGroup section */

/* Begin XCBuildConfiguration section */
		A2E6F0261BEAFF7D0042FC43 /* Debug */ = {
			isa = XCBuildConfiguration;
			buildSettings = {
				ALWAYS_SEARCH_USER_PATHS = NO;
				CLANG_CXX_LANGUAGE_STANDARD = "gnu++0x";
				CLANG_CXX_LIBRARY = "libc++";
				CLANG_ENABLE_MODULES = YES;
				CLANG_ENABLE_OBJC_ARC = YES;
				CLANG_WARN_BLOCK_CAPTURE_AUTORELEASING = YES;
				CLANG_WARN_BOOL_CONVERSION = YES;
				CLANG_WARN_COMMA = YES;
				CLANG_WARN_CONSTANT_CONVERSION = YES;
				CLANG_WARN_DIRECT_OBJC_ISA_USAGE = YES_ERROR;
				CLANG_WARN_EMPTY_BODY = YES;
				CLANG_WARN_ENUM_CONVERSION = YES;
				CLANG_WARN_INFINITE_RECURSION = YES;
				CLANG_WARN_INT_CONVERSION = YES;
				CLANG_WARN_NON_LITERAL_NULL_CONVERSION = YES;
				CLANG_WARN_OBJC_LITERAL_CONVERSION = YES;
				CLANG_WARN_OBJC_ROOT_CLASS = YES_ERROR;
				CLANG_WARN_RANGE_LOOP_ANALYSIS = YES;
				CLANG_WARN_STRICT_PROTOTYPES = YES;
				CLANG_WARN_SUSPICIOUS_MOVE = YES;
				CLANG_WARN_UNREACHABLE_CODE = YES;
				CLANG_WARN__DUPLICATE_METHOD_MATCH = YES;
				"CODE_SIGN_IDENTITY[sdk=iphoneos*]" = "iPhone Developer";
				COPY_PHASE_STRIP = NO;
				DEBUG_INFORMATION_FORMAT = dwarf;
				ENABLE_STRICT_OBJC_MSGSEND = YES;
				ENABLE_TESTABILITY = YES;
				GCC_C_LANGUAGE_STANDARD = gnu99;
				GCC_DYNAMIC_NO_PIC = NO;
				GCC_NO_COMMON_BLOCKS = YES;
				GCC_OPTIMIZATION_LEVEL = 0;
				GCC_PREPROCESSOR_DEFINITIONS = (
					"DEBUG=1",
					"$(inherited)",
				);
				GCC_WARN_64_TO_32_BIT_CONVERSION = YES;
				GCC_WARN_ABOUT_RETURN_TYPE = YES_ERROR;
				GCC_WARN_UNDECLARED_SELECTOR = YES;
				GCC_WARN_UNINITIALIZED_AUTOS = YES_AGGRESSIVE;
				GCC_WARN_UNUSED_FUNCTION = YES;
				GCC_WARN_UNUSED_VARIABLE = YES;
				IPHONEOS_DEPLOYMENT_TARGET = 9.1;
				MTL_ENABLE_DEBUG_INFO = YES;
				ONLY_ACTIVE_ARCH = YES;
				SDKROOT = iphoneos;
				SWIFT_OPTIMIZATION_LEVEL = "-Onone";
			};
			name = Debug;
		};
		A2E6F0271BEAFF7D0042FC43 /* Release */ = {
			isa = XCBuildConfiguration;
			buildSettings = {
				ALWAYS_SEARCH_USER_PATHS = NO;
				CLANG_CXX_LANGUAGE_STANDARD = "gnu++0x";
				CLANG_CXX_LIBRARY = "libc++";
				CLANG_ENABLE_MODULES = YES;
				CLANG_ENABLE_OBJC_ARC = YES;
				CLANG_WARN_BLOCK_CAPTURE_AUTORELEASING = YES;
				CLANG_WARN_BOOL_CONVERSION = YES;
				CLANG_WARN_COMMA = YES;
				CLANG_WARN_CONSTANT_CONVERSION = YES;
				CLANG_WARN_DIRECT_OBJC_ISA_USAGE = YES_ERROR;
				CLANG_WARN_EMPTY_BODY = YES;
				CLANG_WARN_ENUM_CONVERSION = YES;
				CLANG_WARN_INFINITE_RECURSION = YES;
				CLANG_WARN_INT_CONVERSION = YES;
				CLANG_WARN_NON_LITERAL_NULL_CONVERSION = YES;
				CLANG_WARN_OBJC_LITERAL_CONVERSION = YES;
				CLANG_WARN_OBJC_ROOT_CLASS = YES_ERROR;
				CLANG_WARN_RANGE_LOOP_ANALYSIS = YES;
				CLANG_WARN_STRICT_PROTOTYPES = YES;
				CLANG_WARN_SUSPICIOUS_MOVE = YES;
				CLANG_WARN_UNREACHABLE_CODE = YES;
				CLANG_WARN__DUPLICATE_METHOD_MATCH = YES;
				"CODE_SIGN_IDENTITY[sdk=iphoneos*]" = "iPhone Developer";
				COPY_PHASE_STRIP = NO;
				DEBUG_INFORMATION_FORMAT = "dwarf-with-dsym";
				ENABLE_NS_ASSERTIONS = NO;
				ENABLE_STRICT_OBJC_MSGSEND = YES;
				GCC_C_LANGUAGE_STANDARD = gnu99;
				GCC_NO_COMMON_BLOCKS = YES;
				GCC_WARN_64_TO_32_BIT_CONVERSION = YES;
				GCC_WARN_ABOUT_RETURN_TYPE = YES_ERROR;
				GCC_WARN_UNDECLARED_SELECTOR = YES;
				GCC_WARN_UNINITIALIZED_AUTOS = YES_AGGRESSIVE;
				GCC_WARN_UNUSED_FUNCTION = YES;
				GCC_WARN_UNUSED_VARIABLE = YES;
				IPHONEOS_DEPLOYMENT_TARGET = 9.1;
				MTL_ENABLE_DEBUG_INFO = NO;
				SDKROOT = iphoneos;
				SWIFT_OPTIMIZATION_LEVEL = "-Owholemodule";
				VALIDATE_PRODUCT = YES;
			};
			name = Release;
		};
		A2E6F0291BEAFF7D0042FC43 /* Debug */ = {
			isa = XCBuildConfiguration;
			buildSettings = {
				ASSETCATALOG_COMPILER_APPICON_NAME = AppIcon;
				"CODE_SIGN_IDENTITY[sdk=iphoneos*]" = "iPhone Developer";
				DEVELOPMENT_TEAM = 3YCGH6CCXA;
				INFOPLIST_FILE = ViewChaosDemo/Info.plist;
				IPHONEOS_DEPLOYMENT_TARGET = 8.0;
				LD_RUNPATH_SEARCH_PATHS = "$(inherited) @executable_path/Frameworks";
				OTHER_SWIFT_FLAGS = "-DDEBUG";
				PRODUCT_BUNDLE_IDENTIFIER = stan.ViewChaosDemo;
				PRODUCT_NAME = "$(TARGET_NAME)";
				SWIFT_VERSION = 3.0;
			};
			name = Debug;
		};
		A2E6F02A1BEAFF7D0042FC43 /* Release */ = {
			isa = XCBuildConfiguration;
			buildSettings = {
				ASSETCATALOG_COMPILER_APPICON_NAME = AppIcon;
				"CODE_SIGN_IDENTITY[sdk=iphoneos*]" = "iPhone Developer";
				DEVELOPMENT_TEAM = 3YCGH6CCXA;
				INFOPLIST_FILE = ViewChaosDemo/Info.plist;
				IPHONEOS_DEPLOYMENT_TARGET = 8.0;
				LD_RUNPATH_SEARCH_PATHS = "$(inherited) @executable_path/Frameworks";
				OTHER_SWIFT_FLAGS = "";
				"OTHER_SWIFT_FLAGS[arch=*]" = "";
				PRODUCT_BUNDLE_IDENTIFIER = stan.ViewChaosDemo;
				PRODUCT_NAME = "$(TARGET_NAME)";
				SWIFT_VERSION = 3.0;
			};
			name = Release;
		};
/* End XCBuildConfiguration section */

/* Begin XCConfigurationList section */
		A2E6F0111BEAFF7D0042FC43 /* Build configuration list for PBXProject "ViewChaosDemo" */ = {
			isa = XCConfigurationList;
			buildConfigurations = (
				A2E6F0261BEAFF7D0042FC43 /* Debug */,
				A2E6F0271BEAFF7D0042FC43 /* Release */,
			);
			defaultConfigurationIsVisible = 0;
			defaultConfigurationName = Release;
		};
		A2E6F0281BEAFF7D0042FC43 /* Build configuration list for PBXNativeTarget "ViewChaosDemo" */ = {
			isa = XCConfigurationList;
			buildConfigurations = (
				A2E6F0291BEAFF7D0042FC43 /* Debug */,
				A2E6F02A1BEAFF7D0042FC43 /* Release */,
			);
			defaultConfigurationIsVisible = 0;
			defaultConfigurationName = Release;
		};
/* End XCConfigurationList section */
	};
	rootObject = A2E6F00E1BEAFF7D0042FC43 /* Project object */;
}
