// !$*UTF8*$!
{
	archiveVersion = 1;
	classes = {
	};
	objectVersion = 46;
	objects = {

/* Begin PBXBuildFile section */
		A2E6F01A1BEAFF7D0042FC43 /* AppDelegate.swift in Sources */ = {isa = PBXBuildFile; fileRef = A2E6F0191BEAFF7D0042FC43 /* AppDelegate.swift */; };
		A2E6F01C1BEAFF7D0042FC43 /* ViewController.swift in Sources */ = {isa = PBXBuildFile; fileRef = A2E6F01B1BEAFF7D0042FC43 /* ViewController.swift */; };
		A2E6F0211BEAFF7D0042FC43 /* Assets.xcassets in Resources */ = {isa = PBXBuildFile; fileRef = A2E6F0201BEAFF7D0042FC43 /* Assets.xcassets */; };
		A2E6F0241BEAFF7D0042FC43 /* LaunchScreen.storyboard in Resources */ = {isa = PBXBuildFile; fileRef = A2E6F0221BEAFF7D0042FC43 /* LaunchScreen.storyboard */; };
		A2E6F0391BEB08680042FC43 /* NextViewController.swift in Sources */ = {isa = PBXBuildFile; fileRef = A2E6F0381BEB08680042FC43 /* NextViewController.swift */; };
		A2E6F03B1BEB08770042FC43 /* Main.storyboard in Resources */ = {isa = PBXBuildFile; fileRef = A2E6F03A1BEB08770042FC43 /* Main.storyboard */; };
		A2E6F0451BEB41A70042FC43 /* Stuff.swift in Sources */ = {isa = PBXBuildFile; fileRef = A2E6F0421BEB41A70042FC43 /* Stuff.swift */; };
		A2E6F0461BEB41A70042FC43 /* ViewChaos.swift in Sources */ = {isa = PBXBuildFile; fileRef = A2E6F0431BEB41A70042FC43 /* ViewChaos.swift */; };
		A2E6F0471BEB41A70042FC43 /* ViewChaosInfo.swift in Sources */ = {isa = PBXBuildFile; fileRef = A2E6F0441BEB41A70042FC43 /* ViewChaosInfo.swift */; };
/* End PBXBuildFile section */

/* Begin PBXFileReference section */
		A2E6F0161BEAFF7D0042FC43 /* ViewChaosDemo.app */ = {isa = PBXFileReference; explicitFileType = wrapper.application; includeInIndex = 0; path = ViewChaosDemo.app; sourceTree = BUILT_PRODUCTS_DIR; };
		A2E6F0191BEAFF7D0042FC43 /* AppDelegate.swift */ = {isa = PBXFileReference; lastKnownFileType = sourcecode.swift; path = AppDelegate.swift; sourceTree = "<group>"; };
		A2E6F01B1BEAFF7D0042FC43 /* ViewController.swift */ = {isa = PBXFileReference; lastKnownFileType = sourcecode.swift; path = ViewController.swift; sourceTree = "<group>"; };
		A2E6F0201BEAFF7D0042FC43 /* Assets.xcassets */ = {isa = PBXFileReference; lastKnownFileType = folder.assetcatalog; path = Assets.xcassets; sourceTree = "<group>"; };
		A2E6F0231BEAFF7D0042FC43 /* Base */ = {isa = PBXFileReference; lastKnownFileType = file.storyboard; name = Base; path = Base.lproj/LaunchScreen.storyboard; sourceTree = "<group>"; };
		A2E6F0251BEAFF7D0042FC43 /* Info.plist */ = {isa = PBXFileReference; lastKnownFileType = text.plist.xml; path = Info.plist; sourceTree = "<group>"; };
		A2E6F0381BEB08680042FC43 /* NextViewController.swift */ = {isa = PBXFileReference; fileEncoding = 4; lastKnownFileType = sourcecode.swift; path = NextViewController.swift; sourceTree = "<group>"; };
		A2E6F03A1BEB08770042FC43 /* Main.storyboard */ = {isa = PBXFileReference; fileEncoding = 4; lastKnownFileType = file.storyboard; path = Main.storyboard; sourceTree = "<group>"; };
		A2E6F0421BEB41A70042FC43 /* Stuff.swift */ = {isa = PBXFileReference; fileEncoding = 4; lastKnownFileType = sourcecode.swift; name = Stuff.swift; path = ../../ViewChaos/Stuff.swift; sourceTree = "<group>"; };
		A2E6F0431BEB41A70042FC43 /* ViewChaos.swift */ = {isa = PBXFileReference; fileEncoding = 4; lastKnownFileType = sourcecode.swift; name = ViewChaos.swift; path = ../../ViewChaos/ViewChaos.swift; sourceTree = "<group>"; };
		A2E6F0441BEB41A70042FC43 /* ViewChaosInfo.swift */ = {isa = PBXFileReference; fileEncoding = 4; lastKnownFileType = sourcecode.swift; name = ViewChaosInfo.swift; path = ../../ViewChaos/ViewChaosInfo.swift; sourceTree = "<group>"; };
/* End PBXFileReference section */

/* Begin PBXFrameworksBuildPhase section */
		A2E6F0131BEAFF7D0042FC43 /* Frameworks */ = {
			isa = PBXFrameworksBuildPhase;
			buildActionMask = 2147483647;
			files = (
			);
			runOnlyForDeploymentPostprocessing = 0;
		};
/* End PBXFrameworksBuildPhase section */

/* Begin PBXGroup section */
		A2E6F00D1BEAFF7D0042FC43 = {
			isa = PBXGroup;
			children = (
				A2E6F02B1BEAFF890042FC43 /* ViewChaos */,
				A2E6F0181BEAFF7D0042FC43 /* ViewChaosDemo */,
				A2E6F0171BEAFF7D0042FC43 /* Products */,
			);
			sourceTree = "<group>";
		};
		A2E6F0171BEAFF7D0042FC43 /* Products */ = {
			isa = PBXGroup;
			children = (
				A2E6F0161BEAFF7D0042FC43 /* ViewChaosDemo.app */,
			);
			name = Products;
			sourceTree = "<group>";
		};
		A2E6F0181BEAFF7D0042FC43 /* ViewChaosDemo */ = {
			isa = PBXGroup;
			children = (
				A2E6F0191BEAFF7D0042FC43 /* AppDelegate.swift */,
				A2E6F01B1BEAFF7D0042FC43 /* ViewController.swift */,
				A2E6F0201BEAFF7D0042FC43 /* Assets.xcassets */,
				A2E6F0221BEAFF7D0042FC43 /* LaunchScreen.storyboard */,
				A2E6F0251BEAFF7D0042FC43 /* Info.plist */,
				A2E6F0381BEB08680042FC43 /* NextViewController.swift */,
				A2E6F03A1BEB08770042FC43 /* Main.storyboard */,
			);
			path = ViewChaosDemo;
			sourceTree = "<group>";
		};
		A2E6F02B1BEAFF890042FC43 /* ViewChaos */ = {
			isa = PBXGroup;
			children = (
				A2E6F0421BEB41A70042FC43 /* Stuff.swift */,
				A2E6F0431BEB41A70042FC43 /* ViewChaos.swift */,
				A2E6F0441BEB41A70042FC43 /* ViewChaosInfo.swift */,
			);
			path = ViewChaos;
			sourceTree = "<group>";
		};
/* End PBXGroup section */

/* Begin PBXNativeTarget section */
		A2E6F0151BEAFF7D0042FC43 /* ViewChaosDemo */ = {
			isa = PBXNativeTarget;
			buildConfigurationList = A2E6F0281BEAFF7D0042FC43 /* Build configuration list for PBXNativeTarget "ViewChaosDemo" */;
			buildPhases = (
				A2E6F0121BEAFF7D0042FC43 /* Sources */,
				A2E6F0131BEAFF7D0042FC43 /* Frameworks */,
				A2E6F0141BEAFF7D0042FC43 /* Resources */,
			);
			buildRules = (
			);
			dependencies = (
			);
			name = ViewChaosDemo;
			productName = ViewChaosDemo;
			productReference = A2E6F0161BEAFF7D0042FC43 /* ViewChaosDemo.app */;
			productType = "com.apple.product-type.application";
		};
/* End PBXNativeTarget section */

/* Begin PBXProject section */
		A2E6F00E1BEAFF7D0042FC43 /* Project object */ = {
			isa = PBXProject;
			attributes = {
				LastSwiftUpdateCheck = 0710;
				LastUpgradeCheck = 0710;
				ORGANIZATIONNAME = Qfq;
				TargetAttributes = {
					A2E6F0151BEAFF7D0042FC43 = {
						CreatedOnToolsVersion = 7.1;
					};
				};
			};
			buildConfigurationList = A2E6F0111BEAFF7D0042FC43 /* Build configuration list for PBXProject "ViewChaosDemo" */;
			compatibilityVersion = "Xcode 3.2";
			developmentRegion = English;
			hasScannedForEncodings = 0;
			knownRegions = (
				en,
				Base,
			);
			mainGroup = A2E6F00D1BEAFF7D0042FC43;
			productRefGroup = A2E6F0171BEAFF7D0042FC43 /* Products */;
			projectDirPath = "";
			projectRoot = "";
			targets = (
				A2E6F0151BEAFF7D0042FC43 /* ViewChaosDemo */,
			);
		};
/* End PBXProject section */

/* Begin PBXResourcesBuildPhase section */
		A2E6F0141BEAFF7D0042FC43 /* Resources */ = {
			isa = PBXResourcesBuildPhase;
			buildActionMask = 2147483647;
			files = (
				A2E6F03B1BEB08770042FC43 /* Main.storyboard in Resources */,
				A2E6F0241BEAFF7D0042FC43 /* LaunchScreen.storyboard in Resources */,
				A2E6F0211BEAFF7D0042FC43 /* Assets.xcassets in Resources */,
			);
			runOnlyForDeploymentPostprocessing = 0;
		};
/* End PBXResourcesBuildPhase section */

/* Begin PBXSourcesBuildPhase section */
		A2E6F0121BEAFF7D0042FC43 /* Sources */ = {
			isa = PBXSourcesBuildPhase;
			buildActionMask = 2147483647;
			files = (
				A2E6F0391BEB08680042FC43 /* NextViewController.swift in Sources */,
				A2E6F0461BEB41A70042FC43 /* ViewChaos.swift in Sources */,
				A2E6F01C1BEAFF7D0042FC43 /* ViewController.swift in Sources */,
				A2E6F0451BEB41A70042FC43 /* Stuff.swift in Sources */,
				A2E6F01A1BEAFF7D0042FC43 /* AppDelegate.swift in Sources */,
				A2E6F0471BEB41A70042FC43 /* ViewChaosInfo.swift in Sources */,
			);
			runOnlyForDeploymentPostprocessing = 0;
		};
/* End PBXSourcesBuildPhase section */

/* Begin PBXVariantGroup section */
		A2E6F0221BEAFF7D0042FC43 /* LaunchScreen.storyboard */ = {
			isa = PBXVariantGroup;
			children = (
				A2E6F0231BEAFF7D0042FC43 /* Base */,
			);
			name = LaunchScreen.storyboard;
			sourceTree = "<group>";
		};
/* End PBXVariantGroup section */

/* Begin XCBuildConfiguration section */
		A2E6F0261BEAFF7D0042FC43 /* Debug */ = {
			isa = XCBuildConfiguration;
			buildSettings = {
				ALWAYS_SEARCH_USER_PATHS = NO;
				CLANG_CXX_LANGUAGE_STANDARD = "gnu++0x";
				CLANG_CXX_LIBRARY = "libc++";
				CLANG_ENABLE_MODULES = YES;
				CLANG_ENABLE_OBJC_ARC = YES;
				CLANG_WARN_BOOL_CONVERSION = YES;
				CLANG_WARN_CONSTANT_CONVERSION = YES;
				CLANG_WARN_DIRECT_OBJC_ISA_USAGE = YES_ERROR;
				CLANG_WARN_EMPTY_BODY = YES;
				CLANG_WARN_ENUM_CONVERSION = YES;
				CLANG_WARN_INT_CONVERSION = YES;
				CLANG_WARN_OBJC_ROOT_CLASS = YES_ERROR;
				CLANG_WARN_UNREACHABLE_CODE = YES;
				CLANG_WARN__DUPLICATE_METHOD_MATCH = YES;
				"CODE_SIGN_IDENTITY[sdk=iphoneos*]" = "iPhone Developer";
				COPY_PHASE_STRIP = NO;
				DEBUG_INFORMATION_FORMAT = dwarf;
				ENABLE_STRICT_OBJC_MSGSEND = YES;
				ENABLE_TESTABILITY = YES;
				GCC_C_LANGUAGE_STANDARD = gnu99;
				GCC_DYNAMIC_NO_PIC = NO;
				GCC_NO_COMMON_BLOCKS = YES;
				GCC_OPTIMIZATION_LEVEL = 0;
				GCC_PREPROCESSOR_DEFINITIONS = (
					"DEBUG=1",
					"$(inherited)",
				);
				GCC_WARN_64_TO_32_BIT_CONVERSION = YES;
				GCC_WARN_ABOUT_RETURN_TYPE = YES_ERROR;
				GCC_WARN_UNDECLARED_SELECTOR = YES;
				GCC_WARN_UNINITIALIZED_AUTOS = YES_AGGRESSIVE;
				GCC_WARN_UNUSED_FUNCTION = YES;
				GCC_WARN_UNUSED_VARIABLE = YES;
				IPHONEOS_DEPLOYMENT_TARGET = 9.1;
				MTL_ENABLE_DEBUG_INFO = YES;
				ONLY_ACTIVE_ARCH = YES;
				SDKROOT = iphoneos;
				SWIFT_OPTIMIZATION_LEVEL = "-Onone";
			};
			name = Debug;
		};
		A2E6F0271BEAFF7D0042FC43 /* Release */ = {
			isa = XCBuildConfiguration;
			buildSettings = {
				ALWAYS_SEARCH_USER_PATHS = NO;
				CLANG_CXX_LANGUAGE_STANDARD = "gnu++0x";
				CLANG_CXX_LIBRARY = "libc++";
				CLANG_ENABLE_MODULES = YES;
				CLANG_ENABLE_OBJC_ARC = YES;
				CLANG_WARN_BOOL_CONVERSION = YES;
				CLANG_WARN_CONSTANT_CONVERSION = YES;
				CLANG_WARN_DIRECT_OBJC_ISA_USAGE = YES_ERROR;
				CLANG_WARN_EMPTY_BODY = YES;
				CLANG_WARN_ENUM_CONVERSION = YES;
				CLANG_WARN_INT_CONVERSION = YES;
				CLANG_WARN_OBJC_ROOT_CLASS = YES_ERROR;
				CLANG_WARN_UNREACHABLE_CODE = YES;
				CLANG_WARN__DUPLICATE_METHOD_MATCH = YES;
				"CODE_SIGN_IDENTITY[sdk=iphoneos*]" = "iPhone Developer";
				COPY_PHASE_STRIP = NO;
				DEBUG_INFORMATION_FORMAT = "dwarf-with-dsym";
				ENABLE_NS_ASSERTIONS = NO;
				ENABLE_STRICT_OBJC_MSGSEND = YES;
				GCC_C_LANGUAGE_STANDARD = gnu99;
				GCC_NO_COMMON_BLOCKS = YES;
				GCC_WARN_64_TO_32_BIT_CONVERSION = YES;
				GCC_WARN_ABOUT_RETURN_TYPE = YES_ERROR;
				GCC_WARN_UNDECLARED_SELECTOR = YES;
				GCC_WARN_UNINITIALIZED_AUTOS = YES_AGGRESSIVE;
				GCC_WARN_UNUSED_FUNCTION = YES;
				GCC_WARN_UNUSED_VARIABLE = YES;
				IPHONEOS_DEPLOYMENT_TARGET = 9.1;
				MTL_ENABLE_DEBUG_INFO = NO;
				SDKROOT = iphoneos;
				VALIDATE_PRODUCT = YES;
			};
			name = Release;
		};
		A2E6F0291BEAFF7D0042FC43 /* Debug */ = {
			isa = XCBuildConfiguration;
			buildSettings = {
				ASSETCATALOG_COMPILER_APPICON_NAME = AppIcon;
				INFOPLIST_FILE = ViewChaosDemo/Info.plist;
				IPHONEOS_DEPLOYMENT_TARGET = 7.0;
				LD_RUNPATH_SEARCH_PATHS = "$(inherited) @executable_path/Frameworks";
				OTHER_SWIFT_FLAGS = "-DDEBUG";
				PRODUCT_BUNDLE_IDENTIFIER = Tyrant.ViewChaosDemo;
				PRODUCT_NAME = "$(TARGET_NAME)";
			};
			name = Debug;
		};
		A2E6F02A1BEAFF7D0042FC43 /* Release */ = {
			isa = XCBuildConfiguration;
			buildSettings = {
				ASSETCATALOG_COMPILER_APPICON_NAME = AppIcon;
				INFOPLIST_FILE = ViewChaosDemo/Info.plist;
				IPHONEOS_DEPLOYMENT_TARGET = 7.0;
				LD_RUNPATH_SEARCH_PATHS = "$(inherited) @executable_path/Frameworks";
				OTHER_SWIFT_FLAGS = "-DDEBUG";
				PRODUCT_BUNDLE_IDENTIFIER = Tyrant.ViewChaosDemo;
				PRODUCT_NAME = "$(TARGET_NAME)";
			};
			name = Release;
		};
/* End XCBuildConfiguration section */

/* Begin XCConfigurationList section */
		A2E6F0111BEAFF7D0042FC43 /* Build configuration list for PBXProject "ViewChaosDemo" */ = {
			isa = XCConfigurationList;
			buildConfigurations = (
				A2E6F0261BEAFF7D0042FC43 /* Debug */,
				A2E6F0271BEAFF7D0042FC43 /* Release */,
			);
			defaultConfigurationIsVisible = 0;
			defaultConfigurationName = Release;
		};
		A2E6F0281BEAFF7D0042FC43 /* Build configuration list for PBXNativeTarget "ViewChaosDemo" */ = {
			isa = XCConfigurationList;
			buildConfigurations = (
				A2E6F0291BEAFF7D0042FC43 /* Debug */,
				A2E6F02A1BEAFF7D0042FC43 /* Release */,
			);
			defaultConfigurationIsVisible = 0;
			defaultConfigurationName = Release;
		};
/* End XCConfigurationList section */
	};
	rootObject = A2E6F00E1BEAFF7D0042FC43 /* Project object */;
}
